
Microsoft Visual Studio Solution File, Format Version 12.00
# Visual Studio Version 16
VisualStudioVersion = 16.0.30611.23
MinimumVisualStudioVersion = 10.0.40219.1
Project("{FAE04EC0-301F-11D3-BF4B-00C04F79EFBC}") = "POOwithFrame", "POOwithFrame\POOwithFrame.csproj", "{70C78D0D-CC73-4B44-99BE-F541210D0A5B}"
EndProject
Global
	GlobalSection(SolutionConfigurationPlatforms) = preSolution
		Debug|Any CPU = Debug|Any CPU
		Release|Any CPU = Release|Any CPU
	EndGlobalSection
	GlobalSection(ProjectConfigurationPlatforms) = postSolution
		{70C78D0D-CC73-4B44-99BE-F541210D0A5B}.Debug|Any CPU.ActiveCfg = Debug|Any CPU
		{70C78D0D-CC73-4B44-99BE-F541210D0A5B}.Debug|Any CPU.Build.0 = Debug|Any CPU
		{70C78D0D-CC73-4B44-99BE-F541210D0A5B}.Release|Any CPU.ActiveCfg = Release|Any CPU
		{70C78D0D-CC73-4B44-99BE-F541210D0A5B}.Release|Any CPU.Build.0 = Release|Any CPU
	EndGlobalSection
	GlobalSection(SolutionProperties) = preSolution
		HideSolutionNode = FALSE
	EndGlobalSection
	GlobalSection(ExtensibilityGlobals) = postSolution
		SolutionGuid = {85014044-AFB8-4EF9-840E-B383BCE0096D}
	EndGlobalSection
EndGlobal
